// !$*UTF8*$!
{
	archiveVersion = 1;
	classes = {
	};
	objectVersion = 46;
	objects = {

/* Begin PBXBuildFile section */
		FFF8ABC91CD8B0EC00EA7ED8 /* main.m in Sources */ = {isa = PBXBuildFile; fileRef = FFF8ABC81CD8B0EC00EA7ED8 /* main.m */; };
		FFF8ABCC1CD8B0EC00EA7ED8 /* AppDelegate.m in Sources */ = {isa = PBXBuildFile; fileRef = FFF8ABCB1CD8B0EC00EA7ED8 /* AppDelegate.m */; };
		FFF8ABCF1CD8B0EC00EA7ED8 /* ViewController.m in Sources */ = {isa = PBXBuildFile; fileRef = FFF8ABCE1CD8B0EC00EA7ED8 /* ViewController.m */; };
		FFF8ABD21CD8B0EC00EA7ED8 /* Main.storyboard in Resources */ = {isa = PBXBuildFile; fileRef = FFF8ABD01CD8B0EC00EA7ED8 /* Main.storyboard */; };
		FFF8ABD41CD8B0EC00EA7ED8 /* Assets.xcassets in Resources */ = {isa = PBXBuildFile; fileRef = FFF8ABD31CD8B0EC00EA7ED8 /* Assets.xcassets */; };
		FFF8ABD71CD8B0EC00EA7ED8 /* LaunchScreen.storyboard in Resources */ = {isa = PBXBuildFile; fileRef = FFF8ABD51CD8B0EC00EA7ED8 /* LaunchScreen.storyboard */; };
		FFF8ABE01CD8B12E00EA7ED8 /* NSDictionary+PropertyCode.m in Sources */ = {isa = PBXBuildFile; fileRef = FFF8ABDF1CD8B12E00EA7ED8 /* NSDictionary+PropertyCode.m */; };
		FFF8ABE41CD8B4AB00EA7ED8 /* apps.plist in Resources */ = {isa = PBXBuildFile; fileRef = FFF8ABE31CD8B4AB00EA7ED8 /* apps.plist */; };
/* End PBXBuildFile section */

/* Begin PBXFileReference section */
		FFF8ABC41CD8B0EC00EA7ED8 /* JCAutoGeneratedAttributes.app */ = {isa = PBXFileReference; explicitFileType = wrapper.application; includeInIndex = 0; path = JCAutoGeneratedAttributes.app; sourceTree = BUILT_PRODUCTS_DIR; };
		FFF8ABC81CD8B0EC00EA7ED8 /* main.m */ = {isa = PBXFileReference; lastKnownFileType = sourcecode.c.objc; path = main.m; sourceTree = "<group>"; };
		FFF8ABCA1CD8B0EC00EA7ED8 /* AppDelegate.h */ = {isa = PBXFileReference; lastKnownFileType = sourcecode.c.h; path = AppDelegate.h; sourceTree = "<group>"; };
		FFF8ABCB1CD8B0EC00EA7ED8 /* AppDelegate.m */ = {isa = PBXFileReference; lastKnownFileType = sourcecode.c.objc; path = AppDelegate.m; sourceTree = "<group>"; };
		FFF8ABCD1CD8B0EC00EA7ED8 /* ViewController.h */ = {isa = PBXFileReference; lastKnownFileType = sourcecode.c.h; path = ViewController.h; sourceTree = "<group>"; };
		FFF8ABCE1CD8B0EC00EA7ED8 /* ViewController.m */ = {isa = PBXFileReference; lastKnownFileType = sourcecode.c.objc; path = ViewController.m; sourceTree = "<group>"; };
		FFF8ABD11CD8B0EC00EA7ED8 /* Base */ = {isa = PBXFileReference; lastKnownFileType = file.storyboard; name = Base; path = Base.lproj/Main.storyboard; sourceTree = "<group>"; };
		FFF8ABD31CD8B0EC00EA7ED8 /* Assets.xcassets */ = {isa = PBXFileReference; lastKnownFileType = folder.assetcatalog; path = Assets.xcassets; sourceTree = "<group>"; };
		FFF8ABD61CD8B0EC00EA7ED8 /* Base */ = {isa = PBXFileReference; lastKnownFileType = file.storyboard; name = Base; path = Base.lproj/LaunchScreen.storyboard; sourceTree = "<group>"; };
		FFF8ABD81CD8B0EC00EA7ED8 /* Info.plist */ = {isa = PBXFileReference; lastKnownFileType = text.plist.xml; path = Info.plist; sourceTree = "<group>"; };
		FFF8ABDE1CD8B12E00EA7ED8 /* NSDictionary+PropertyCode.h */ = {isa = PBXFileReference; fileEncoding = 4; lastKnownFileType = sourcecode.c.h; path = "NSDictionary+PropertyCode.h"; sourceTree = "<group>"; };
		FFF8ABDF1CD8B12E00EA7ED8 /* NSDictionary+PropertyCode.m */ = {isa = PBXFileReference; fileEncoding = 4; lastKnownFileType = sourcecode.c.objc; path = "NSDictionary+PropertyCode.m"; sourceTree = "<group>"; };
		FFF8ABE31CD8B4AB00EA7ED8 /* apps.plist */ = {isa = PBXFileReference; fileEncoding = 4; lastKnownFileType = text.plist.xml; path = apps.plist; sourceTree = "<group>"; };
/* End PBXFileReference section */

/* Begin PBXFrameworksBuildPhase section */
		FFF8ABC11CD8B0EC00EA7ED8 /* Frameworks */ = {
			isa = PBXFrameworksBuildPhase;
			buildActionMask = 2147483647;
			files = (
			);
			runOnlyForDeploymentPostprocessing = 0;
		};
/* End PBXFrameworksBuildPhase section */

/* Begin PBXGroup section */
		FFF8ABBB1CD8B0EC00EA7ED8 = {
			isa = PBXGroup;
			children = (
				FFF8ABC61CD8B0EC00EA7ED8 /* JCAutoGeneratedAttributes */,
				FFF8ABC51CD8B0EC00EA7ED8 /* Products */,
			);
			sourceTree = "<group>";
		};
		FFF8ABC51CD8B0EC00EA7ED8 /* Products */ = {
			isa = PBXGroup;
			children = (
				FFF8ABC41CD8B0EC00EA7ED8 /* JCAutoGeneratedAttributes.app */,
			);
			name = Products;
			sourceTree = "<group>";
		};
		FFF8ABC61CD8B0EC00EA7ED8 /* JCAutoGeneratedAttributes */ = {
			isa = PBXGroup;
			children = (
				FFF8ABCA1CD8B0EC00EA7ED8 /* AppDelegate.h */,
				FFF8ABCB1CD8B0EC00EA7ED8 /* AppDelegate.m */,
				FFF8ABCD1CD8B0EC00EA7ED8 /* ViewController.h */,
				FFF8ABCE1CD8B0EC00EA7ED8 /* ViewController.m */,
				FFF8ABDE1CD8B12E00EA7ED8 /* NSDictionary+PropertyCode.h */,
				FFF8ABDF1CD8B12E00EA7ED8 /* NSDictionary+PropertyCode.m */,
				FFF8ABD01CD8B0EC00EA7ED8 /* Main.storyboard */,
				FFF8ABD51CD8B0EC00EA7ED8 /* LaunchScreen.storyboard */,
				FFF8ABC71CD8B0EC00EA7ED8 /* Supporting Files */,
			);
			path = JCAutoGeneratedAttributes;
			sourceTree = "<group>";
		};
		FFF8ABC71CD8B0EC00EA7ED8 /* Supporting Files */ = {
			isa = PBXGroup;
			children = (
				FFF8ABD31CD8B0EC00EA7ED8 /* Assets.xcassets */,
				FFF8ABE31CD8B4AB00EA7ED8 /* apps.plist */,
				FFF8ABD81CD8B0EC00EA7ED8 /* Info.plist */,
				FFF8ABC81CD8B0EC00EA7ED8 /* main.m */,
			);
			name = "Supporting Files";
			sourceTree = "<group>";
		};
/* End PBXGroup section */

/* Begin PBXNativeTarget section */
		FFF8ABC31CD8B0EC00EA7ED8 /* JCAutoGeneratedAttributes */ = {
			isa = PBXNativeTarget;
			buildConfigurationList = FFF8ABDB1CD8B0EC00EA7ED8 /* Build configuration list for PBXNativeTarget "JCAutoGeneratedAttributes" */;
			buildPhases = (
				FFF8ABC01CD8B0EC00EA7ED8 /* Sources */,
				FFF8ABC11CD8B0EC00EA7ED8 /* Frameworks */,
				FFF8ABC21CD8B0EC00EA7ED8 /* Resources */,
			);
			buildRules = (
			);
			dependencies = (
			);
			name = JCAutoGeneratedAttributes;
			productName = JCAutoGeneratedAttributes;
			productReference = FFF8ABC41CD8B0EC00EA7ED8 /* JCAutoGeneratedAttributes.app */;
			productType = "com.apple.product-type.application";
		};
/* End PBXNativeTarget section */

/* Begin PBXProject section */
		FFF8ABBC1CD8B0EC00EA7ED8 /* Project object */ = {
			isa = PBXProject;
			attributes = {
				LastUpgradeCheck = 0720;
				ORGANIZATIONNAME = JackeyChen;
				TargetAttributes = {
					FFF8ABC31CD8B0EC00EA7ED8 = {
						CreatedOnToolsVersion = 7.2.1;
						DevelopmentTeam = EE7J4SUP9G;
					};
				};
			};
			buildConfigurationList = FFF8ABBF1CD8B0EC00EA7ED8 /* Build configuration list for PBXProject "JCAutoGeneratedAttributes" */;
			compatibilityVersion = "Xcode 3.2";
			developmentRegion = English;
			hasScannedForEncodings = 0;
			knownRegions = (
				en,
				Base,
			);
			mainGroup = FFF8ABBB1CD8B0EC00EA7ED8;
			productRefGroup = FFF8ABC51CD8B0EC00EA7ED8 /* Products */;
			projectDirPath = "";
			projectRoot = "";
			targets = (
				FFF8ABC31CD8B0EC00EA7ED8 /* JCAutoGeneratedAttributes */,
			);
		};
/* End PBXProject section */

/* Begin PBXResourcesBuildPhase section */
		FFF8ABC21CD8B0EC00EA7ED8 /* Resources */ = {
			isa = PBXResourcesBuildPhase;
			buildActionMask = 2147483647;
			files = (
				FFF8ABE41CD8B4AB00EA7ED8 /* apps.plist in Resources */,
				FFF8ABD71CD8B0EC00EA7ED8 /* LaunchScreen.storyboard in Resources */,
				FFF8ABD41CD8B0EC00EA7ED8 /* Assets.xcassets in Resources */,
				FFF8ABD21CD8B0EC00EA7ED8 /* Main.storyboard in Resources */,
			);
			runOnlyForDeploymentPostprocessing = 0;
		};
/* End PBXResourcesBuildPhase section */

/* Begin PBXSourcesBuildPhase section */
		FFF8ABC01CD8B0EC00EA7ED8 /* Sources */ = {
			isa = PBXSourcesBuildPhase;
			buildActionMask = 2147483647;
			files = (
				FFF8ABE01CD8B12E00EA7ED8 /* NSDictionary+PropertyCode.m in Sources */,
				FFF8ABCF1CD8B0EC00EA7ED8 /* ViewController.m in Sources */,
				FFF8ABCC1CD8B0EC00EA7ED8 /* AppDelegate.m in Sources */,
				FFF8ABC91CD8B0EC00EA7ED8 /* main.m in Sources */,
			);
			runOnlyForDeploymentPostprocessing = 0;
		};
/* End PBXSourcesBuildPhase section */

/* Begin PBXVariantGroup section */
		FFF8ABD01CD8B0EC00EA7ED8 /* Main.storyboard */ = {
			isa = PBXVariantGroup;
			children = (
				FFF8ABD11CD8B0EC00EA7ED8 /* Base */,
			);
			name = Main.storyboard;
			sourceTree = "<group>";
		};
		FFF8ABD51CD8B0EC00EA7ED8 /* LaunchScreen.storyboard */ = {
			isa = PBXVariantGroup;
			children = (
				FFF8ABD61CD8B0EC00EA7ED8 /* Base */,
			);
			name = LaunchScreen.storyboard;
			sourceTree = "<group>";
		};
/* End PBXVariantGroup section */

/* Begin XCBuildConfiguration section */
		FFF8ABD91CD8B0EC00EA7ED8 /* Debug */ = {
			isa = XCBuildConfiguration;
			buildSettings = {
				ALWAYS_SEARCH_USER_PATHS = NO;
				CLANG_CXX_LANGUAGE_STANDARD = "gnu++0x";
				CLANG_CXX_LIBRARY = "libc++";
				CLANG_ENABLE_MODULES = YES;
				CLANG_ENABLE_OBJC_ARC = YES;
				CLANG_WARN_BOOL_CONVERSION = YES;
				CLANG_WARN_CONSTANT_CONVERSION = YES;
				CLANG_WARN_DIRECT_OBJC_ISA_USAGE = YES_ERROR;
				CLANG_WARN_EMPTY_BODY = YES;
				CLANG_WARN_ENUM_CONVERSION = YES;
				CLANG_WARN_INT_CONVERSION = YES;
				CLANG_WARN_OBJC_ROOT_CLASS = YES_ERROR;
				CLANG_WARN_UNREACHABLE_CODE = YES;
				CLANG_WARN__DUPLICATE_METHOD_MATCH = YES;
				"CODE_SIGN_IDENTITY[sdk=iphoneos*]" = "iPhone Developer";
				COPY_PHASE_STRIP = NO;
				DEBUG_INFORMATION_FORMAT = dwarf;
				ENABLE_STRICT_OBJC_MSGSEND = YES;
				ENABLE_TESTABILITY = YES;
				GCC_C_LANGUAGE_STANDARD = gnu99;
				GCC_DYNAMIC_NO_PIC = NO;
				GCC_NO_COMMON_BLOCKS = YES;
				GCC_OPTIMIZATION_LEVEL = 0;
				GCC_PREPROCESSOR_DEFINITIONS = (
					"DEBUG=1",
					"$(inherited)",
				);
				GCC_WARN_64_TO_32_BIT_CONVERSION = YES;
				GCC_WARN_ABOUT_RETURN_TYPE = YES_ERROR;
				GCC_WARN_UNDECLARED_SELECTOR = YES;
				GCC_WARN_UNINITIALIZED_AUTOS = YES_AGGRESSIVE;
				GCC_WARN_UNUSED_FUNCTION = YES;
				GCC_WARN_UNUSED_VARIABLE = YES;
				IPHONEOS_DEPLOYMENT_TARGET = 9.2;
				MTL_ENABLE_DEBUG_INFO = YES;
				ONLY_ACTIVE_ARCH = YES;
				SDKROOT = iphoneos;
			};
			name = Debug;
		};
		FFF8ABDA1CD8B0EC00EA7ED8 /* Release */ = {
			isa = XCBuildConfiguration;
			buildSettings = {
				ALWAYS_SEARCH_USER_PATHS = NO;
				CLANG_CXX_LANGUAGE_STANDARD = "gnu++0x";
				CLANG_CXX_LIBRARY = "libc++";
				CLANG_ENABLE_MODULES = YES;
				CLANG_ENABLE_OBJC_ARC = YES;
				CLANG_WARN_BOOL_CONVERSION = YES;
				CLANG_WARN_CONSTANT_CONVERSION = YES;
				CLANG_WARN_DIRECT_OBJC_ISA_USAGE = YES_ERROR;
				CLANG_WARN_EMPTY_BODY = YES;
				CLANG_WARN_ENUM_CONVERSION = YES;
				CLANG_WARN_INT_CONVERSION = YES;
				CLANG_WARN_OBJC_ROOT_CLASS = YES_ERROR;
				CLANG_WARN_UNREACHABLE_CODE = YES;
				CLANG_WARN__DUPLICATE_METHOD_MATCH = YES;
				"CODE_SIGN_IDENTITY[sdk=iphoneos*]" = "iPhone Developer";
				COPY_PHASE_STRIP = NO;
				DEBUG_INFORMATION_FORMAT = "dwarf-with-dsym";
				ENABLE_NS_ASSERTIONS = NO;
				ENABLE_STRICT_OBJC_MSGSEND = YES;
				GCC_C_LANGUAGE_STANDARD = gnu99;
				GCC_NO_COMMON_BLOCKS = YES;
				GCC_WARN_64_TO_32_BIT_CONVERSION = YES;
				GCC_WARN_ABOUT_RETURN_TYPE = YES_ERROR;
				GCC_WARN_UNDECLARED_SELECTOR = YES;
				GCC_WARN_UNINITIALIZED_AUTOS = YES_AGGRESSIVE;
				GCC_WARN_UNUSED_FUNCTION = YES;
				GCC_WARN_UNUSED_VARIABLE = YES;
				IPHONEOS_DEPLOYMENT_TARGET = 9.2;
				MTL_ENABLE_DEBUG_INFO = NO;
				SDKROOT = iphoneos;
				VALIDATE_PRODUCT = YES;
			};
			name = Release;
		};
		FFF8ABDC1CD8B0EC00EA7ED8 /* Debug */ = {
			isa = XCBuildConfiguration;
			buildSettings = {
				ASSETCATALOG_COMPILER_APPICON_NAME = AppIcon;
				INFOPLIST_FILE = JCAutoGeneratedAttributes/Info.plist;
				LD_RUNPATH_SEARCH_PATHS = "$(inherited) @executable_path/Frameworks";
				PRODUCT_BUNDLE_IDENTIFIER = com.Apple.JCAutoGeneratedAttributes;
				PRODUCT_NAME = "$(TARGET_NAME)";
			};
			name = Debug;
		};
		FFF8ABDD1CD8B0EC00EA7ED8 /* Release */ = {
			isa = XCBuildConfiguration;
			buildSettings = {
				ASSETCATALOG_COMPILER_APPICON_NAME = AppIcon;
				INFOPLIST_FILE = JCAutoGeneratedAttributes/Info.plist;
				LD_RUNPATH_SEARCH_PATHS = "$(inherited) @executable_path/Frameworks";
				PRODUCT_BUNDLE_IDENTIFIER = com.Apple.JCAutoGeneratedAttributes;
				PRODUCT_NAME = "$(TARGET_NAME)";
			};
			name = Release;
		};
/* End XCBuildConfiguration section */

/* Begin XCConfigurationList section */
		FFF8ABBF1CD8B0EC00EA7ED8 /* Build configuration list for PBXProject "JCAutoGeneratedAttributes" */ = {
			isa = XCConfigurationList;
			buildConfigurations = (
				FFF8ABD91CD8B0EC00EA7ED8 /* Debug */,
				FFF8ABDA1CD8B0EC00EA7ED8 /* Release */,
			);
			defaultConfigurationIsVisible = 0;
			defaultConfigurationName = Release;
		};
		FFF8ABDB1CD8B0EC00EA7ED8 /* Build configuration list for PBXNativeTarget "JCAutoGeneratedAttributes" */ = {
			isa = XCConfigurationList;
			buildConfigurations = (
				FFF8ABDC1CD8B0EC00EA7ED8 /* Debug */,
				FFF8ABDD1CD8B0EC00EA7ED8 /* Release */,
			);
			defaultConfigurationIsVisible = 0;
		};
/* End XCConfigurationList section */
	};
	rootObject = FFF8ABBC1CD8B0EC00EA7ED8 /* Project object */;
}
